{
  "requires": true,
  "lockfileVersion": 1,
  "dependencies": {
    "primereact": {
      "version": "6.0.2",
      "resolved": "https://registry.npmjs.org/primereact/-/primereact-6.0.2.tgz",
      "integrity": "sha512-u0uQxq26QmX13lVmc7Bz8CeJRwJG2DWf9Q4U/FRezDBKefzYXHZbPSktmLOubZY8atMmZS8z0XesPOrpRhPhVA=="
    },
    "yarn": {
      "version": "1.22.10",
      "resolved": "https://registry.npmjs.org/yarn/-/yarn-1.22.10.tgz",
      "integrity": "sha512-IanQGI9RRPAN87VGTF7zs2uxkSyQSrSPsju0COgbsKQOOXr5LtcVPeyXWgwVa0ywG3d8dg6kSYKGBuYK021qeA=="
    }
  }
}
